
Microsoft Visual Studio Solution File, Format Version 12.00
# Visual Studio 15
VisualStudioVersion = 15.0.27703.2035
MinimumVisualStudioVersion = 10.0.40219.1
Project("{FAE04EC0-301F-11D3-BF4B-00C04F79EFBC}") = "ApiTec39Mio", "ApiTec39Mio\ApiTec39Mio.csproj", "{B73649F8-1F57-4377-BB45-FFA684EFC65E}"
EndProject
Global
	GlobalSection(SolutionConfigurationPlatforms) = preSolution
		Debug|Any CPU = Debug|Any CPU
		Release|Any CPU = Release|Any CPU
	EndGlobalSection
	GlobalSection(ProjectConfigurationPlatforms) = postSolution
		{B73649F8-1F57-4377-BB45-FFA684EFC65E}.Debug|Any CPU.ActiveCfg = Debug|Any CPU
		{B73649F8-1F57-4377-BB45-FFA684EFC65E}.Debug|Any CPU.Build.0 = Debug|Any CPU
		{B73649F8-1F57-4377-BB45-FFA684EFC65E}.Release|Any CPU.ActiveCfg = Release|Any CPU
		{B73649F8-1F57-4377-BB45-FFA684EFC65E}.Release|Any CPU.Build.0 = Release|Any CPU
	EndGlobalSection
	GlobalSection(SolutionProperties) = preSolution
		HideSolutionNode = FALSE
	EndGlobalSection
	GlobalSection(ExtensibilityGlobals) = postSolution
		SolutionGuid = {7B5CE57D-A2CA-4245-97B1-44BA9BF5D791}
	EndGlobalSection
EndGlobal
